
Microsoft Visual Studio Solution File, Format Version 12.00
# Visual Studio 15
VisualStudioVersion = 15.0.28307.572
MinimumVisualStudioVersion = 10.0.40219.1
Project("{FAE04EC0-301F-11D3-BF4B-00C04F79EFBC}") = "MailKit-MailEntegrasyon", "MailKit-MailEntegrasyon\MailKit-MailEntegrasyon.csproj", "{D144971C-5283-484C-8A0D-E4922C2C952A}"
EndProject
Global
	GlobalSection(SolutionConfigurationPlatforms) = preSolution
		Debug|Any CPU = Debug|Any CPU
		Release|Any CPU = Release|Any CPU
	EndGlobalSection
	GlobalSection(ProjectConfigurationPlatforms) = postSolution
		{D144971C-5283-484C-8A0D-E4922C2C952A}.Debug|Any CPU.ActiveCfg = Debug|Any CPU
		{D144971C-5283-484C-8A0D-E4922C2C952A}.Debug|Any CPU.Build.0 = Debug|Any CPU
		{D144971C-5283-484C-8A0D-E4922C2C952A}.Release|Any CPU.ActiveCfg = Release|Any CPU
		{D144971C-5283-484C-8A0D-E4922C2C952A}.Release|Any CPU.Build.0 = Release|Any CPU
	EndGlobalSection
	GlobalSection(SolutionProperties) = preSolution
		HideSolutionNode = FALSE
	EndGlobalSection
	GlobalSection(ExtensibilityGlobals) = postSolution
		SolutionGuid = {83B3DC79-ECD3-44ED-B4A6-6385BFB854ED}
	EndGlobalSection
EndGlobal
